{
  "version": 4,
  "terraform_version": "1.14.3",
  "serial": 115,
  "lineage": "020a8f50-1634-4121-90ec-21a383efe72f",
  "outputs": {
    "cluster_certificate_authority_data": {
      "value": "LS0tLS1CRUdJTiBDRVJUSUZJQ0FURS0tLS0tCk1JSURCVENDQWUyZ0F3SUJBZ0lJVWxIYWVnZ0dFWDR3RFFZSktvWklodmNOQVFFTEJRQXdGVEVUTUJFR0ExVUUKQXhNS2EzVmlaWEp1WlhSbGN6QWVGdzB5TmpBeE16RXhNVEk0TlRWYUZ3MHpOakF4TWpreE1UTXpOVFZhTUJVeApFekFSQmdOVkJBTVRDbXQxWW1WeWJtVjBaWE13Z2dFaU1BMEdDU3FHU0liM0RRRUJBUVVBQTRJQkR3QXdnZ0VLCkFvSUJBUUN0a1U2cTJBK25WVVl3OHZjWEV1eGI3bTRHOXNxcmJIWWtEYnp3RGtjU1dHOFR5ZDB0cFYwbmNZekEKMVNidnMvaTFVblR5MHZET2svRGNlNUU1QkwzSXFZUEllZWlzcC9Na3RMeTNjaklYVm55YnYvTEpxeXF4UmJhVwpkNWtjYjZoN0hXbTVGVTBFZk9qUlI1UWprTG10aGJwZE8wa0ZnRnRvcDZQSVlScW5DSVBvSHRpOXU1Z0xFQlFjCmQ3ZFV0UVRQODRxenBKQ3oxNlFEd1pVNTMyWVJwand1VXJBdEFkeFZrSk4zSnA3WG00bi9QL1dHaXhiMmlQeUYKbERLek8wN2Q2NE1zdHM1b09lVTlOZVBOYkhEdlBMalE4MWQ0QzdBQlJFK1d2ZHhZQmZ3M1RNRGVhOEhJNHcyeQpvWnRLTFEySGRQcG1UY0daclpZOHBXTjBCcXZuQWdNQkFBR2pXVEJYTUE0R0ExVWREd0VCL3dRRUF3SUNwREFQCkJnTlZIUk1CQWY4RUJUQURBUUgvTUIwR0ExVWREZ1FXQkJUdDkwRFdUUnhQTFlOOTc5Mk03UUJoRWFKT1h6QVYKQmdOVkhSRUVEakFNZ2dwcmRXSmxjbTVsZEdWek1BMEdDU3FHU0liM0RRRUJDd1VBQTRJQkFRQWMwWTA0YnQzZwo4S3UrUWZSaUlIWmZMWU85TGt6bWhFQ2UyeTJNcmNjbnBRQ3kyb2l4WlprcGNXRVRmblJBMDhKUStYZ1hVc0JCCjNPaGNKaWRFUStCQUhLTGh4SXFrNlBOQTUxWXoxQjFVM0FiUjUveStEaTNyblpUeXJ1czNzWmw1bys5UEo1T0QKY3JvSzNKZG1aNDFJQUtvMmVNTC9WZFMxOTZsN0wyb3g1TWJnNlJDeXBVWHpTZjc1S0MrTENFaG1KT0Z6QVg4Nwp1MSt4diswK3RXdjdkbGtBVXpTRTYxM3h5T3NlVi9zcjQrdGsxU0hRSVovTVNReW1TMk95R1ZVR1ZpcWZuUmxBCmhNWnJDT1B4ZU9zbmUxMGViTHJyWVVtQmc2a1dDSDU2eEN0MEFlS0F4S1pVS2tkSzQ0dEZ6SlRaMUxGSmx6T0YKUkx6RFFzWGJzeHRTCi0tLS0tRU5EIENFUlRJRklDQVRFLS0tLS0K",
      "type": "string"
    },
    "cluster_endpoint": {
      "value": "https://C583B9191601C7E4527D93F884C42882.gr7.ap-south-2.eks.amazonaws.com",
      "type": "string"
    },
    "cluster_id": {
      "value": "django_cluster",
      "type": "string"
    },
    "cluster_name": {
      "value": "django_cluster",
      "type": "string"
    },
    "node_group_id": {
      "value": "django_cluster:django-nodes",
      "type": "string"
    },
    "vpc_id": {
      "value": "vpc-0db4c4e31db7f4fbe",
      "type": "string"
    }
  },
  "resources": [
    {
      "mode": "data",
      "type": "aws_iam_policy_document",
      "name": "alb_assume",
      "provider": "provider[\"registry.terraform.io/hashicorp/aws\"]",
      "instances": [
        {
          "schema_version": 0,
          "attributes": {
            "id": "1151005909",
            "json": "{\n  \"Version\": \"2012-10-17\",\n  \"Statement\": [\n    {\n      \"Effect\": \"Allow\",\n      \"Action\": \"sts:AssumeRoleWithWebIdentity\",\n      \"Principal\": {\n        \"Federated\": \"arn:aws:iam::637043415174:oidc-provider/oidc.eks.ap-south-2.amazonaws.com/id/C583B9191601C7E4527D93F884C42882\"\n      },\n      \"Condition\": {\n        \"StringEquals\": {\n          \"oidc.eks.ap-south-2.amazonaws.com/id/C583B9191601C7E4527D93F884C42882:sub\": \"system:serviceaccount:kube-system:aws-load-balancer-controller\"\n        }\n      }\n    }\n  ]\n}",
            "minified_json": "{\"Version\":\"2012-10-17\",\"Statement\":[{\"Effect\":\"Allow\",\"Action\":\"sts:AssumeRoleWithWebIdentity\",\"Principal\":{\"Federated\":\"arn:aws:iam::637043415174:oidc-provider/oidc.eks.ap-south-2.amazonaws.com/id/C583B9191601C7E4527D93F884C42882\"},\"Condition\":{\"StringEquals\":{\"oidc.eks.ap-south-2.amazonaws.com/id/C583B9191601C7E4527D93F884C42882:sub\":\"system:serviceaccount:kube-system:aws-load-balancer-controller\"}}}]}",
            "override_json": null,
            "override_policy_documents": null,
            "policy_id": null,
            "source_json": null,
            "source_policy_documents": null,
            "statement": [
              {
                "actions": [
                  "sts:AssumeRoleWithWebIdentity"
                ],
                "condition": [
                  {
                    "test": "StringEquals",
                    "values": [
                      "system:serviceaccount:kube-system:aws-load-balancer-controller"
                    ],
                    "variable": "oidc.eks.ap-south-2.amazonaws.com/id/C583B9191601C7E4527D93F884C42882:sub"
                  }
                ],
                "effect": "Allow",
                "not_actions": [],
                "not_principals": [],
                "not_resources": [],
                "principals": [
                  {
                    "identifiers": [
                      "arn:aws:iam::637043415174:oidc-provider/oidc.eks.ap-south-2.amazonaws.com/id/C583B9191601C7E4527D93F884C42882"
                    ],
                    "type": "Federated"
                  }
                ],
                "resources": [],
                "sid": ""
              }
            ],
            "version": "2012-10-17"
          },
          "sensitive_attributes": [],
          "identity_schema_version": 0
        }
      ]
    },
    {
      "mode": "managed",
      "type": "aws_eks_cluster",
      "name": "django_cluster",
      "provider": "provider[\"registry.terraform.io/hashicorp/aws\"]",
      "instances": [
        {
          "schema_version": 1,
          "attributes": {
            "access_config": [
              {
                "authentication_mode": "CONFIG_MAP",
                "bootstrap_cluster_creator_admin_permissions": true
              }
            ],
            "arn": "arn:aws:eks:ap-south-2:637043415174:cluster/django_cluster",
            "bootstrap_self_managed_addons": true,
            "certificate_authority": [
              {
                "data": "LS0tLS1CRUdJTiBDRVJUSUZJQ0FURS0tLS0tCk1JSURCVENDQWUyZ0F3SUJBZ0lJVWxIYWVnZ0dFWDR3RFFZSktvWklodmNOQVFFTEJRQXdGVEVUTUJFR0ExVUUKQXhNS2EzVmlaWEp1WlhSbGN6QWVGdzB5TmpBeE16RXhNVEk0TlRWYUZ3MHpOakF4TWpreE1UTXpOVFZhTUJVeApFekFSQmdOVkJBTVRDbXQxWW1WeWJtVjBaWE13Z2dFaU1BMEdDU3FHU0liM0RRRUJBUVVBQTRJQkR3QXdnZ0VLCkFvSUJBUUN0a1U2cTJBK25WVVl3OHZjWEV1eGI3bTRHOXNxcmJIWWtEYnp3RGtjU1dHOFR5ZDB0cFYwbmNZekEKMVNidnMvaTFVblR5MHZET2svRGNlNUU1QkwzSXFZUEllZWlzcC9Na3RMeTNjaklYVm55YnYvTEpxeXF4UmJhVwpkNWtjYjZoN0hXbTVGVTBFZk9qUlI1UWprTG10aGJwZE8wa0ZnRnRvcDZQSVlScW5DSVBvSHRpOXU1Z0xFQlFjCmQ3ZFV0UVRQODRxenBKQ3oxNlFEd1pVNTMyWVJwand1VXJBdEFkeFZrSk4zSnA3WG00bi9QL1dHaXhiMmlQeUYKbERLek8wN2Q2NE1zdHM1b09lVTlOZVBOYkhEdlBMalE4MWQ0QzdBQlJFK1d2ZHhZQmZ3M1RNRGVhOEhJNHcyeQpvWnRLTFEySGRQcG1UY0daclpZOHBXTjBCcXZuQWdNQkFBR2pXVEJYTUE0R0ExVWREd0VCL3dRRUF3SUNwREFQCkJnTlZIUk1CQWY4RUJUQURBUUgvTUIwR0ExVWREZ1FXQkJUdDkwRFdUUnhQTFlOOTc5Mk03UUJoRWFKT1h6QVYKQmdOVkhSRUVEakFNZ2dwcmRXSmxjbTVsZEdWek1BMEdDU3FHU0liM0RRRUJDd1VBQTRJQkFRQWMwWTA0YnQzZwo4S3UrUWZSaUlIWmZMWU85TGt6bWhFQ2UyeTJNcmNjbnBRQ3kyb2l4WlprcGNXRVRmblJBMDhKUStYZ1hVc0JCCjNPaGNKaWRFUStCQUhLTGh4SXFrNlBOQTUxWXoxQjFVM0FiUjUveStEaTNyblpUeXJ1czNzWmw1bys5UEo1T0QKY3JvSzNKZG1aNDFJQUtvMmVNTC9WZFMxOTZsN0wyb3g1TWJnNlJDeXBVWHpTZjc1S0MrTENFaG1KT0Z6QVg4Nwp1MSt4diswK3RXdjdkbGtBVXpTRTYxM3h5T3NlVi9zcjQrdGsxU0hRSVovTVNReW1TMk95R1ZVR1ZpcWZuUmxBCmhNWnJDT1B4ZU9zbmUxMGViTHJyWVVtQmc2a1dDSDU2eEN0MEFlS0F4S1pVS2tkSzQ0dEZ6SlRaMUxGSmx6T0YKUkx6RFFzWGJzeHRTCi0tLS0tRU5EIENFUlRJRklDQVRFLS0tLS0K"
              }
            ],
            "cluster_id": null,
            "compute_config": [
              {
                "enabled": false,
                "node_pools": [],
                "node_role_arn": ""
              }
            ],
            "control_plane_scaling_config": [
              {
                "tier": "standard"
              }
            ],
            "created_at": "2026-01-31T11:29:11Z",
            "deletion_protection": false,
            "enabled_cluster_log_types": null,
            "encryption_config": [],
            "endpoint": "https://C583B9191601C7E4527D93F884C42882.gr7.ap-south-2.eks.amazonaws.com",
            "force_update_version": null,
            "id": "django_cluster",
            "identity": [
              {
                "oidc": [
                  {
                    "issuer": "https://oidc.eks.ap-south-2.amazonaws.com/id/C583B9191601C7E4527D93F884C42882"
                  }
                ]
              }
            ],
            "kubernetes_network_config": [
              {
                "elastic_load_balancing": [
                  {
                    "enabled": false
                  }
                ],
                "ip_family": "ipv4",
                "service_ipv4_cidr": "172.20.0.0/16",
                "service_ipv6_cidr": ""
              }
            ],
            "name": "django_cluster",
            "outpost_config": [],
            "platform_version": "eks.58",
            "region": "ap-south-2",
            "remote_network_config": [],
            "role_arn": "arn:aws:iam::637043415174:role/eks-cluster-role",
            "status": "ACTIVE",
            "storage_config": [
              {
                "block_storage": [
                  {
                    "enabled": false
                  }
                ]
              }
            ],
            "tags": null,
            "tags_all": {},
            "timeouts": null,
            "upgrade_policy": [
              {
                "support_type": "EXTENDED"
              }
            ],
            "version": "1.30",
            "vpc_config": [
              {
                "cluster_security_group_id": "sg-0d20cc46bbf83911e",
                "endpoint_private_access": false,
                "endpoint_public_access": true,
                "public_access_cidrs": [
                  "0.0.0.0/0"
                ],
                "security_group_ids": [
                  "sg-0cc334e839d1a62dc"
                ],
                "subnet_ids": [
                  "subnet-0541210825ba18fdd",
                  "subnet-090a7a6b633410827"
                ],
                "vpc_id": "vpc-0db4c4e31db7f4fbe"
              }
            ],
            "zonal_shift_config": []
          },
          "sensitive_attributes": [],
          "identity_schema_version": 0,
          "private": "eyJlMmJmYjczMC1lY2FhLTExZTYtOGY4OC0zNDM2M2JjN2M0YzAiOnsiY3JlYXRlIjoxODAwMDAwMDAwMDAwLCJkZWxldGUiOjkwMDAwMDAwMDAwMCwidXBkYXRlIjozNjAwMDAwMDAwMDAwfSwic2NoZW1hX3ZlcnNpb24iOiIxIn0=",
          "dependencies": [
            "aws_iam_role.eks_cluster_role",
            "aws_iam_role_policy_attachment.eks_cluster_policy",
            "aws_security_group.allow_traffic",
            "aws_subnet.django_subnet_a",
            "aws_subnet.django_subnet_b",
            "aws_vpc.django_vpc"
          ]
        }
      ]
    },
    {
      "mode": "managed",
      "type": "aws_eks_node_group",
      "name": "django_nodes",
      "provider": "provider[\"registry.terraform.io/hashicorp/aws\"]",
      "instances": [
        {
          "schema_version": 0,
          "attributes": {
            "ami_type": "AL2023_x86_64_STANDARD",
            "arn": "arn:aws:eks:ap-south-2:637043415174:nodegroup/django_cluster/django-nodes/f0ce09eb-213e-b47c-356f-9bb4cdc172d0",
            "capacity_type": "ON_DEMAND",
            "cluster_name": "django_cluster",
            "disk_size": 20,
            "force_update_version": null,
            "id": "django_cluster:django-nodes",
            "instance_types": [
              "t3.small"
            ],
            "labels": null,
            "launch_template": [],
            "node_group_name": "django-nodes",
            "node_group_name_prefix": "",
            "node_repair_config": [],
            "node_role_arn": "arn:aws:iam::637043415174:role/eks-node-role",
            "region": "ap-south-2",
            "release_version": "1.30.14-20260129",
            "remote_access": [],
            "resources": [
              {
                "autoscaling_groups": [
                  {
                    "name": "eks-django-nodes-f0ce09eb-213e-b47c-356f-9bb4cdc172d0"
                  }
                ],
                "remote_access_security_group_id": ""
              }
            ],
            "scaling_config": [
              {
                "desired_size": 2,
                "max_size": 3,
                "min_size": 2
              }
            ],
            "status": "ACTIVE",
            "subnet_ids": [
              "subnet-0541210825ba18fdd",
              "subnet-090a7a6b633410827"
            ],
            "tags": null,
            "tags_all": {},
            "taint": [],
            "timeouts": null,
            "update_config": [
              {
                "max_unavailable": 1,
                "max_unavailable_percentage": 0,
                "update_strategy": ""
              }
            ],
            "version": "1.30"
          },
          "sensitive_attributes": [],
          "identity_schema_version": 0,
          "private": "eyJlMmJmYjczMC1lY2FhLTExZTYtOGY4OC0zNDM2M2JjN2M0YzAiOnsiY3JlYXRlIjozNjAwMDAwMDAwMDAwLCJkZWxldGUiOjM2MDAwMDAwMDAwMDAsInVwZGF0ZSI6MzYwMDAwMDAwMDAwMH19",
          "dependencies": [
            "aws_eks_cluster.django_cluster",
            "aws_iam_role.eks_cluster_role",
            "aws_iam_role.eks_node_role",
            "aws_iam_role_policy_attachment.ecr_read_only",
            "aws_iam_role_policy_attachment.eks_cluster_policy",
            "aws_iam_role_policy_attachment.eks_cni_policy",
            "aws_iam_role_policy_attachment.eks_worker_node_policy",
            "aws_security_group.allow_traffic",
            "aws_subnet.django_subnet_a",
            "aws_subnet.django_subnet_b",
            "aws_vpc.django_vpc"
          ]
        }
      ]
    },
    {
      "mode": "managed",
      "type": "aws_iam_openid_connect_provider",
      "name": "eks",
      "provider": "provider[\"registry.terraform.io/hashicorp/aws\"]",
      "instances": [
        {
          "schema_version": 0,
          "attributes": {
            "arn": "arn:aws:iam::637043415174:oidc-provider/oidc.eks.ap-south-2.amazonaws.com/id/C583B9191601C7E4527D93F884C42882",
            "client_id_list": [
              "sts.amazonaws.com"
            ],
            "id": "arn:aws:iam::637043415174:oidc-provider/oidc.eks.ap-south-2.amazonaws.com/id/C583B9191601C7E4527D93F884C42882",
            "tags": null,
            "tags_all": {},
            "thumbprint_list": [
              "9e99a48a9960b14926bb7f3b02e22da0afd10df6"
            ],
            "url": "oidc.eks.ap-south-2.amazonaws.com/id/C583B9191601C7E4527D93F884C42882"
          },
          "sensitive_attributes": [],
          "identity_schema_version": 0,
          "identity": {
            "arn": "arn:aws:iam::637043415174:oidc-provider/oidc.eks.ap-south-2.amazonaws.com/id/C583B9191601C7E4527D93F884C42882"
          },
          "private": "bnVsbA==",
          "dependencies": [
            "aws_eks_cluster.django_cluster",
            "aws_iam_role.eks_cluster_role",
            "aws_iam_role_policy_attachment.eks_cluster_policy",
            "aws_security_group.allow_traffic",
            "aws_subnet.django_subnet_a",
            "aws_subnet.django_subnet_b",
            "aws_vpc.django_vpc"
          ]
        }
      ]
    },
    {
      "mode": "managed",
      "type": "aws_iam_role",
      "name": "alb_controller",
      "provider": "provider[\"registry.terraform.io/hashicorp/aws\"]",
      "instances": [
        {
          "schema_version": 0,
          "attributes": {
            "arn": "arn:aws:iam::637043415174:role/AmazonEKSLoadBalancerControllerRole",
            "assume_role_policy": "{\"Statement\":[{\"Action\":\"sts:AssumeRoleWithWebIdentity\",\"Condition\":{\"StringEquals\":{\"oidc.eks.ap-south-2.amazonaws.com/id/C583B9191601C7E4527D93F884C42882:sub\":\"system:serviceaccount:kube-system:aws-load-balancer-controller\"}},\"Effect\":\"Allow\",\"Principal\":{\"Federated\":\"arn:aws:iam::637043415174:oidc-provider/oidc.eks.ap-south-2.amazonaws.com/id/C583B9191601C7E4527D93F884C42882\"}}],\"Version\":\"2012-10-17\"}",
            "create_date": "2026-01-31T11:35:36Z",
            "description": "",
            "force_detach_policies": false,
            "id": "AmazonEKSLoadBalancerControllerRole",
            "inline_policy": [],
            "managed_policy_arns": [],
            "max_session_duration": 3600,
            "name": "AmazonEKSLoadBalancerControllerRole",
            "name_prefix": "",
            "path": "/",
            "permissions_boundary": "",
            "tags": null,
            "tags_all": {},
            "unique_id": "AROAZIUV7DCDCCZLV44RK"
          },
          "sensitive_attributes": [],
          "identity_schema_version": 0,
          "identity": {
            "account_id": "637043415174",
            "name": "AmazonEKSLoadBalancerControllerRole"
          },
          "private": "bnVsbA==",
          "dependencies": [
            "aws_eks_cluster.django_cluster",
            "aws_iam_openid_connect_provider.eks",
            "aws_iam_role.eks_cluster_role",
            "aws_iam_role_policy_attachment.eks_cluster_policy",
            "aws_security_group.allow_traffic",
            "aws_subnet.django_subnet_a",
            "aws_subnet.django_subnet_b",
            "aws_vpc.django_vpc",
            "data.aws_iam_policy_document.alb_assume"
          ]
        }
      ]
    },
    {
      "mode": "managed",
      "type": "aws_iam_role",
      "name": "eks_cluster_role",
      "provider": "provider[\"registry.terraform.io/hashicorp/aws\"]",
      "instances": [
        {
          "schema_version": 0,
          "attributes": {
            "arn": "arn:aws:iam::637043415174:role/eks-cluster-role",
            "assume_role_policy": "{\"Statement\":[{\"Action\":\"sts:AssumeRole\",\"Effect\":\"Allow\",\"Principal\":{\"Service\":\"eks.amazonaws.com\"}}],\"Version\":\"2012-10-17\"}",
            "create_date": "2026-01-31T11:28:51Z",
            "description": "",
            "force_detach_policies": false,
            "id": "eks-cluster-role",
            "inline_policy": [],
            "managed_policy_arns": [],
            "max_session_duration": 3600,
            "name": "eks-cluster-role",
            "name_prefix": "",
            "path": "/",
            "permissions_boundary": "",
            "tags": null,
            "tags_all": {},
            "unique_id": "AROAZIUV7DCDCQSZQLBE6"
          },
          "sensitive_attributes": [],
          "identity_schema_version": 0,
          "identity": {
            "account_id": "637043415174",
            "name": "eks-cluster-role"
          },
          "private": "bnVsbA=="
        }
      ]
    },
    {
      "mode": "managed",
      "type": "aws_iam_role",
      "name": "eks_node_role",
      "provider": "provider[\"registry.terraform.io/hashicorp/aws\"]",
      "instances": [
        {
          "schema_version": 0,
          "attributes": {
            "arn": "arn:aws:iam::637043415174:role/eks-node-role",
            "assume_role_policy": "{\"Statement\":[{\"Action\":\"sts:AssumeRole\",\"Effect\":\"Allow\",\"Principal\":{\"Service\":\"ec2.amazonaws.com\"}}],\"Version\":\"2012-10-17\"}",
            "create_date": "2026-01-31T11:28:51Z",
            "description": "",
            "force_detach_policies": false,
            "id": "eks-node-role",
            "inline_policy": [],
            "managed_policy_arns": [],
            "max_session_duration": 3600,
            "name": "eks-node-role",
            "name_prefix": "",
            "path": "/",
            "permissions_boundary": "",
            "tags": null,
            "tags_all": {},
            "unique_id": "AROAZIUV7DCDCVBV3SU57"
          },
          "sensitive_attributes": [],
          "identity_schema_version": 0,
          "identity": {
            "account_id": "637043415174",
            "name": "eks-node-role"
          },
          "private": "bnVsbA=="
        }
      ]
    },
    {
      "mode": "managed",
      "type": "aws_iam_role_policy_attachment",
      "name": "alb_controller_attach",
      "provider": "provider[\"registry.terraform.io/hashicorp/aws\"]",
      "instances": [
        {
          "schema_version": 0,
          "attributes": {
            "id": "AmazonEKSLoadBalancerControllerRole/arn:aws:iam::aws:policy/ElasticLoadBalancingFullAccess",
            "policy_arn": "arn:aws:iam::aws:policy/ElasticLoadBalancingFullAccess",
            "role": "AmazonEKSLoadBalancerControllerRole"
          },
          "sensitive_attributes": [],
          "identity_schema_version": 0,
          "identity": {
            "account_id": "637043415174",
            "policy_arn": "arn:aws:iam::aws:policy/ElasticLoadBalancingFullAccess",
            "role": "AmazonEKSLoadBalancerControllerRole"
          },
          "private": "bnVsbA==",
          "dependencies": [
            "aws_eks_cluster.django_cluster",
            "aws_iam_openid_connect_provider.eks",
            "aws_iam_role.alb_controller",
            "aws_iam_role.eks_cluster_role",
            "aws_iam_role_policy_attachment.eks_cluster_policy",
            "aws_security_group.allow_traffic",
            "aws_subnet.django_subnet_a",
            "aws_subnet.django_subnet_b",
            "aws_vpc.django_vpc",
            "data.aws_iam_policy_document.alb_assume"
          ]
        }
      ]
    },
    {
      "mode": "managed",
      "type": "aws_iam_role_policy_attachment",
      "name": "ecr_read_only",
      "provider": "provider[\"registry.terraform.io/hashicorp/aws\"]",
      "instances": [
        {
          "schema_version": 0,
          "attributes": {
            "id": "eks-node-role/arn:aws:iam::aws:policy/AmazonEC2ContainerRegistryReadOnly",
            "policy_arn": "arn:aws:iam::aws:policy/AmazonEC2ContainerRegistryReadOnly",
            "role": "eks-node-role"
          },
          "sensitive_attributes": [],
          "identity_schema_version": 0,
          "identity": {
            "account_id": "637043415174",
            "policy_arn": "arn:aws:iam::aws:policy/AmazonEC2ContainerRegistryReadOnly",
            "role": "eks-node-role"
          },
          "private": "bnVsbA==",
          "dependencies": [
            "aws_iam_role.eks_node_role"
          ]
        }
      ]
    },
    {
      "mode": "managed",
      "type": "aws_iam_role_policy_attachment",
      "name": "eks_cluster_policy",
      "provider": "provider[\"registry.terraform.io/hashicorp/aws\"]",
      "instances": [
        {
          "schema_version": 0,
          "attributes": {
            "id": "eks-cluster-role/arn:aws:iam::aws:policy/AmazonEKSClusterPolicy",
            "policy_arn": "arn:aws:iam::aws:policy/AmazonEKSClusterPolicy",
            "role": "eks-cluster-role"
          },
          "sensitive_attributes": [],
          "identity_schema_version": 0,
          "identity": {
            "account_id": "637043415174",
            "policy_arn": "arn:aws:iam::aws:policy/AmazonEKSClusterPolicy",
            "role": "eks-cluster-role"
          },
          "private": "bnVsbA==",
          "dependencies": [
            "aws_iam_role.eks_cluster_role"
          ]
        }
      ]
    },
    {
      "mode": "managed",
      "type": "aws_iam_role_policy_attachment",
      "name": "eks_cni_policy",
      "provider": "provider[\"registry.terraform.io/hashicorp/aws\"]",
      "instances": [
        {
          "schema_version": 0,
          "attributes": {
            "id": "eks-node-role/arn:aws:iam::aws:policy/AmazonEKS_CNI_Policy",
            "policy_arn": "arn:aws:iam::aws:policy/AmazonEKS_CNI_Policy",
            "role": "eks-node-role"
          },
          "sensitive_attributes": [],
          "identity_schema_version": 0,
          "identity": {
            "account_id": "637043415174",
            "policy_arn": "arn:aws:iam::aws:policy/AmazonEKS_CNI_Policy",
            "role": "eks-node-role"
          },
          "private": "bnVsbA==",
          "dependencies": [
            "aws_iam_role.eks_node_role"
          ]
        }
      ]
    },
    {
      "mode": "managed",
      "type": "aws_iam_role_policy_attachment",
      "name": "eks_worker_node_policy",
      "provider": "provider[\"registry.terraform.io/hashicorp/aws\"]",
      "instances": [
        {
          "schema_version": 0,
          "attributes": {
            "id": "eks-node-role/arn:aws:iam::aws:policy/AmazonEKSWorkerNodePolicy",
            "policy_arn": "arn:aws:iam::aws:policy/AmazonEKSWorkerNodePolicy",
            "role": "eks-node-role"
          },
          "sensitive_attributes": [],
          "identity_schema_version": 0,
          "identity": {
            "account_id": "637043415174",
            "policy_arn": "arn:aws:iam::aws:policy/AmazonEKSWorkerNodePolicy",
            "role": "eks-node-role"
          },
          "private": "bnVsbA==",
          "dependencies": [
            "aws_iam_role.eks_node_role"
          ]
        }
      ]
    },
    {
      "mode": "managed",
      "type": "aws_internet_gateway",
      "name": "django_gw",
      "provider": "provider[\"registry.terraform.io/hashicorp/aws\"]",
      "instances": [
        {
          "schema_version": 0,
          "attributes": {
            "arn": "arn:aws:ec2:ap-south-2:637043415174:internet-gateway/igw-0fd7894d5c40e317d",
            "id": "igw-0fd7894d5c40e317d",
            "owner_id": "637043415174",
            "region": "ap-south-2",
            "tags": {
              "Name": "django_gw"
            },
            "tags_all": {
              "Name": "django_gw"
            },
            "timeouts": null,
            "vpc_id": "vpc-0db4c4e31db7f4fbe"
          },
          "sensitive_attributes": [],
          "identity_schema_version": 0,
          "private": "eyJlMmJmYjczMC1lY2FhLTExZTYtOGY4OC0zNDM2M2JjN2M0YzAiOnsiY3JlYXRlIjoxMjAwMDAwMDAwMDAwLCJkZWxldGUiOjEyMDAwMDAwMDAwMDAsInVwZGF0ZSI6MTIwMDAwMDAwMDAwMH19",
          "dependencies": [
            "aws_vpc.django_vpc"
          ]
        }
      ]
    },
    {
      "mode": "managed",
      "type": "aws_route_table",
      "name": "django_route_table",
      "provider": "provider[\"registry.terraform.io/hashicorp/aws\"]",
      "instances": [
        {
          "schema_version": 0,
          "attributes": {
            "arn": "arn:aws:ec2:ap-south-2:637043415174:route-table/rtb-02eb1a2d4b522a00e",
            "id": "rtb-02eb1a2d4b522a00e",
            "owner_id": "637043415174",
            "propagating_vgws": [],
            "region": "ap-south-2",
            "route": [
              {
                "carrier_gateway_id": "",
                "cidr_block": "0.0.0.0/0",
                "core_network_arn": "",
                "destination_prefix_list_id": "",
                "egress_only_gateway_id": "",
                "gateway_id": "igw-0fd7894d5c40e317d",
                "ipv6_cidr_block": "",
                "local_gateway_id": "",
                "nat_gateway_id": "",
                "network_interface_id": "",
                "transit_gateway_id": "",
                "vpc_endpoint_id": "",
                "vpc_peering_connection_id": ""
              }
            ],
            "tags": {
              "Name": "django_route_table"
            },
            "tags_all": {
              "Name": "django_route_table"
            },
            "timeouts": null,
            "vpc_id": "vpc-0db4c4e31db7f4fbe"
          },
          "sensitive_attributes": [],
          "identity_schema_version": 0,
          "identity": {
            "account_id": "637043415174",
            "id": "rtb-02eb1a2d4b522a00e",
            "region": "ap-south-2"
          },
          "private": "eyJlMmJmYjczMC1lY2FhLTExZTYtOGY4OC0zNDM2M2JjN2M0YzAiOnsiY3JlYXRlIjozMDAwMDAwMDAwMDAsImRlbGV0ZSI6MzAwMDAwMDAwMDAwLCJ1cGRhdGUiOjEyMDAwMDAwMDAwMH19",
          "dependencies": [
            "aws_internet_gateway.django_gw",
            "aws_vpc.django_vpc"
          ]
        }
      ]
    },
    {
      "mode": "managed",
      "type": "aws_route_table_association",
      "name": "a",
      "provider": "provider[\"registry.terraform.io/hashicorp/aws\"]",
      "instances": [
        {
          "schema_version": 0,
          "attributes": {
            "gateway_id": "",
            "id": "rtbassoc-09822659a286e2c57",
            "region": "ap-south-2",
            "route_table_id": "rtb-02eb1a2d4b522a00e",
            "subnet_id": "subnet-090a7a6b633410827",
            "timeouts": null
          },
          "sensitive_attributes": [],
          "identity_schema_version": 0,
          "private": "eyJlMmJmYjczMC1lY2FhLTExZTYtOGY4OC0zNDM2M2JjN2M0YzAiOnsiY3JlYXRlIjozMDAwMDAwMDAwMDAsImRlbGV0ZSI6MzAwMDAwMDAwMDAwLCJ1cGRhdGUiOjEyMDAwMDAwMDAwMH19",
          "dependencies": [
            "aws_internet_gateway.django_gw",
            "aws_route_table.django_route_table",
            "aws_subnet.django_subnet_a",
            "aws_vpc.django_vpc"
          ]
        }
      ]
    },
    {
      "mode": "managed",
      "type": "aws_route_table_association",
      "name": "b",
      "provider": "provider[\"registry.terraform.io/hashicorp/aws\"]",
      "instances": [
        {
          "schema_version": 0,
          "attributes": {
            "gateway_id": "",
            "id": "rtbassoc-003bf5ddb0bd9b003",
            "region": "ap-south-2",
            "route_table_id": "rtb-02eb1a2d4b522a00e",
            "subnet_id": "subnet-0541210825ba18fdd",
            "timeouts": null
          },
          "sensitive_attributes": [],
          "identity_schema_version": 0,
          "private": "eyJlMmJmYjczMC1lY2FhLTExZTYtOGY4OC0zNDM2M2JjN2M0YzAiOnsiY3JlYXRlIjozMDAwMDAwMDAwMDAsImRlbGV0ZSI6MzAwMDAwMDAwMDAwLCJ1cGRhdGUiOjEyMDAwMDAwMDAwMH19",
          "dependencies": [
            "aws_internet_gateway.django_gw",
            "aws_route_table.django_route_table",
            "aws_subnet.django_subnet_b",
            "aws_vpc.django_vpc"
          ]
        }
      ]
    },
    {
      "mode": "managed",
      "type": "aws_security_group",
      "name": "allow_traffic",
      "provider": "provider[\"registry.terraform.io/hashicorp/aws\"]",
      "instances": [
        {
          "schema_version": 1,
          "attributes": {
            "arn": "arn:aws:ec2:ap-south-2:637043415174:security-group/sg-0cc334e839d1a62dc",
            "description": "Allow inbound web traffic",
            "egress": [
              {
                "cidr_blocks": [
                  "0.0.0.0/0"
                ],
                "description": "",
                "from_port": 0,
                "ipv6_cidr_blocks": [],
                "prefix_list_ids": [],
                "protocol": "-1",
                "security_groups": [],
                "self": false,
                "to_port": 0
              }
            ],
            "id": "sg-0cc334e839d1a62dc",
            "ingress": [
              {
                "cidr_blocks": [
                  "0.0.0.0/0"
                ],
                "description": "",
                "from_port": 443,
                "ipv6_cidr_blocks": [],
                "prefix_list_ids": [],
                "protocol": "tcp",
                "security_groups": [],
                "self": false,
                "to_port": 443
              },
              {
                "cidr_blocks": [
                  "0.0.0.0/0"
                ],
                "description": "",
                "from_port": 80,
                "ipv6_cidr_blocks": [],
                "prefix_list_ids": [],
                "protocol": "tcp",
                "security_groups": [],
                "self": false,
                "to_port": 80
              },
              {
                "cidr_blocks": [
                  "106.222.202.138/32"
                ],
                "description": "",
                "from_port": 22,
                "ipv6_cidr_blocks": [],
                "prefix_list_ids": [],
                "protocol": "tcp",
                "security_groups": [],
                "self": false,
                "to_port": 22
              }
            ],
            "name": "allow_web_traffic",
            "name_prefix": "",
            "owner_id": "637043415174",
            "region": "ap-south-2",
            "revoke_rules_on_delete": false,
            "tags": {
              "Name": "allow_web_traffic"
            },
            "tags_all": {
              "Name": "allow_web_traffic"
            },
            "timeouts": null,
            "vpc_id": "vpc-0db4c4e31db7f4fbe"
          },
          "sensitive_attributes": [],
          "identity_schema_version": 0,
          "identity": {
            "account_id": "637043415174",
            "id": "sg-0cc334e839d1a62dc",
            "region": "ap-south-2"
          },
          "private": "eyJlMmJmYjczMC1lY2FhLTExZTYtOGY4OC0zNDM2M2JjN2M0YzAiOnsiY3JlYXRlIjo2MDAwMDAwMDAwMDAsImRlbGV0ZSI6OTAwMDAwMDAwMDAwfSwic2NoZW1hX3ZlcnNpb24iOiIxIn0=",
          "dependencies": [
            "aws_vpc.django_vpc"
          ]
        }
      ]
    },
    {
      "mode": "managed",
      "type": "aws_subnet",
      "name": "django_subnet_a",
      "provider": "provider[\"registry.terraform.io/hashicorp/aws\"]",
      "instances": [
        {
          "schema_version": 1,
          "attributes": {
            "arn": "arn:aws:ec2:ap-south-2:637043415174:subnet/subnet-090a7a6b633410827",
            "assign_ipv6_address_on_creation": false,
            "availability_zone": "ap-south-2a",
            "availability_zone_id": "aps2-az1",
            "cidr_block": "10.0.1.0/24",
            "customer_owned_ipv4_pool": "",
            "enable_dns64": false,
            "enable_lni_at_device_index": 0,
            "enable_resource_name_dns_a_record_on_launch": false,
            "enable_resource_name_dns_aaaa_record_on_launch": false,
            "id": "subnet-090a7a6b633410827",
            "ipv6_cidr_block": "",
            "ipv6_cidr_block_association_id": "",
            "ipv6_native": false,
            "map_customer_owned_ip_on_launch": false,
            "map_public_ip_on_launch": true,
            "outpost_arn": "",
            "owner_id": "637043415174",
            "private_dns_hostname_type_on_launch": "ip-name",
            "region": "ap-south-2",
            "tags": {
              "Name": "django_subnet_a"
            },
            "tags_all": {
              "Name": "django_subnet_a"
            },
            "timeouts": null,
            "vpc_id": "vpc-0db4c4e31db7f4fbe"
          },
          "sensitive_attributes": [],
          "identity_schema_version": 0,
          "identity": {
            "account_id": "637043415174",
            "id": "subnet-090a7a6b633410827",
            "region": "ap-south-2"
          },
          "private": "eyJlMmJmYjczMC1lY2FhLTExZTYtOGY4OC0zNDM2M2JjN2M0YzAiOnsiY3JlYXRlIjo2MDAwMDAwMDAwMDAsImRlbGV0ZSI6MTIwMDAwMDAwMDAwMH0sInNjaGVtYV92ZXJzaW9uIjoiMSJ9",
          "dependencies": [
            "aws_vpc.django_vpc"
          ]
        }
      ]
    },
    {
      "mode": "managed",
      "type": "aws_subnet",
      "name": "django_subnet_b",
      "provider": "provider[\"registry.terraform.io/hashicorp/aws\"]",
      "instances": [
        {
          "schema_version": 1,
          "attributes": {
            "arn": "arn:aws:ec2:ap-south-2:637043415174:subnet/subnet-0541210825ba18fdd",
            "assign_ipv6_address_on_creation": false,
            "availability_zone": "ap-south-2b",
            "availability_zone_id": "aps2-az2",
            "cidr_block": "10.0.2.0/24",
            "customer_owned_ipv4_pool": "",
            "enable_dns64": false,
            "enable_lni_at_device_index": 0,
            "enable_resource_name_dns_a_record_on_launch": false,
            "enable_resource_name_dns_aaaa_record_on_launch": false,
            "id": "subnet-0541210825ba18fdd",
            "ipv6_cidr_block": "",
            "ipv6_cidr_block_association_id": "",
            "ipv6_native": false,
            "map_customer_owned_ip_on_launch": false,
            "map_public_ip_on_launch": true,
            "outpost_arn": "",
            "owner_id": "637043415174",
            "private_dns_hostname_type_on_launch": "ip-name",
            "region": "ap-south-2",
            "tags": {
              "Name": "django_subnet_b"
            },
            "tags_all": {
              "Name": "django_subnet_b"
            },
            "timeouts": null,
            "vpc_id": "vpc-0db4c4e31db7f4fbe"
          },
          "sensitive_attributes": [],
          "identity_schema_version": 0,
          "identity": {
            "account_id": "637043415174",
            "id": "subnet-0541210825ba18fdd",
            "region": "ap-south-2"
          },
          "private": "eyJlMmJmYjczMC1lY2FhLTExZTYtOGY4OC0zNDM2M2JjN2M0YzAiOnsiY3JlYXRlIjo2MDAwMDAwMDAwMDAsImRlbGV0ZSI6MTIwMDAwMDAwMDAwMH0sInNjaGVtYV92ZXJzaW9uIjoiMSJ9",
          "dependencies": [
            "aws_vpc.django_vpc"
          ]
        }
      ]
    },
    {
      "mode": "managed",
      "type": "aws_vpc",
      "name": "django_vpc",
      "provider": "provider[\"registry.terraform.io/hashicorp/aws\"]",
      "instances": [
        {
          "schema_version": 1,
          "attributes": {
            "arn": "arn:aws:ec2:ap-south-2:637043415174:vpc/vpc-0db4c4e31db7f4fbe",
            "assign_generated_ipv6_cidr_block": false,
            "cidr_block": "10.0.0.0/16",
            "default_network_acl_id": "acl-0666439a1192cee6e",
            "default_route_table_id": "rtb-057fbad6191b18fd8",
            "default_security_group_id": "sg-0814da5f26faac95f",
            "dhcp_options_id": "dopt-08bb9aa1940c8f7d4",
            "enable_dns_hostnames": false,
            "enable_dns_support": true,
            "enable_network_address_usage_metrics": false,
            "id": "vpc-0db4c4e31db7f4fbe",
            "instance_tenancy": "default",
            "ipv4_ipam_pool_id": null,
            "ipv4_netmask_length": null,
            "ipv6_association_id": "",
            "ipv6_cidr_block": "",
            "ipv6_cidr_block_network_border_group": "",
            "ipv6_ipam_pool_id": "",
            "ipv6_netmask_length": 0,
            "main_route_table_id": "rtb-057fbad6191b18fd8",
            "owner_id": "637043415174",
            "region": "ap-south-2",
            "tags": {
              "Name": "django_vpc"
            },
            "tags_all": {
              "Name": "django_vpc"
            }
          },
          "sensitive_attributes": [],
          "identity_schema_version": 0,
          "identity": {
            "account_id": "637043415174",
            "id": "vpc-0db4c4e31db7f4fbe",
            "region": "ap-south-2"
          },
          "private": "eyJzY2hlbWFfdmVyc2lvbiI6IjEifQ=="
        }
      ]
    }
  ],
  "check_results": null
}
